// !$*UTF8*$!
{
	archiveVersion = 1;
	classes = {
	};
	objectVersion = 46;
	objects = {

/* Begin PBXBuildFile section */
		301F1FCD1B450BD700611567 /* Default-568h@2x.png in Resources */ = {isa = PBXBuildFile; fileRef = 301F1FC91B450BD700611567 /* Default-568h@2x.png */; };
		301F1FCE1B450BD700611567 /* Default-667h@2x.png in Resources */ = {isa = PBXBuildFile; fileRef = 301F1FCA1B450BD700611567 /* Default-667h@2x.png */; };
		301F1FCF1B450BD700611567 /* Default-736h@3x.png in Resources */ = {isa = PBXBuildFile; fileRef = 301F1FCB1B450BD700611567 /* Default-736h@3x.png */; };
		301F1FD01B450BD700611567 /* Default@2x.png in Resources */ = {isa = PBXBuildFile; fileRef = 301F1FCC1B450BD700611567 /* Default@2x.png */; };
		301F1FD21B450BDE00611567 /* Images.xcassets in Resources */ = {isa = PBXBuildFile; fileRef = 301F1FD11B450BDE00611567 /* Images.xcassets */; };
		301F1FDB1B450BE400611567 /* NKDevice.swift in Sources */ = {isa = PBXBuildFile; fileRef = 301F1FD81B450BE400611567 /* NKDevice.swift */; };
		301F1FDC1B450BE400611567 /* ViewController.swift in Sources */ = {isa = PBXBuildFile; fileRef = 301F1FD91B450BE400611567 /* ViewController.swift */; };
		301F1FDF1B450E0500611567 /* LICENSE in Resources */ = {isa = PBXBuildFile; fileRef = 301F1FDD1B450E0500611567 /* LICENSE */; };
		301F1FE01B450E0500611567 /* README.md in Sources */ = {isa = PBXBuildFile; fileRef = 301F1FDE1B450E0500611567 /* README.md */; };
		3060F33D1B69BF6D0004B499 /* AppDelegate.swift in Sources */ = {isa = PBXBuildFile; fileRef = 3060F33C1B69BF6D0004B499 /* AppDelegate.swift */; };
/* End PBXBuildFile section */

/* Begin PBXFileReference section */
		301F1FA11B450B4E00611567 /* NKDevice.app */ = {isa = PBXFileReference; explicitFileType = wrapper.application; includeInIndex = 0; path = NKDevice.app; sourceTree = BUILT_PRODUCTS_DIR; };
		301F1FA51B450B4E00611567 /* Info.plist */ = {isa = PBXFileReference; lastKnownFileType = text.plist.xml; path = Info.plist; sourceTree = "<group>"; };
		301F1FC91B450BD700611567 /* Default-568h@2x.png */ = {isa = PBXFileReference; lastKnownFileType = image.png; path = "Default-568h@2x.png"; sourceTree = "<group>"; };
		301F1FCA1B450BD700611567 /* Default-667h@2x.png */ = {isa = PBXFileReference; lastKnownFileType = image.png; path = "Default-667h@2x.png"; sourceTree = "<group>"; };
		301F1FCB1B450BD700611567 /* Default-736h@3x.png */ = {isa = PBXFileReference; lastKnownFileType = image.png; path = "Default-736h@3x.png"; sourceTree = "<group>"; };
		301F1FCC1B450BD700611567 /* Default@2x.png */ = {isa = PBXFileReference; lastKnownFileType = image.png; path = "Default@2x.png"; sourceTree = "<group>"; };
		301F1FD11B450BDE00611567 /* Images.xcassets */ = {isa = PBXFileReference; lastKnownFileType = folder.assetcatalog; path = Images.xcassets; sourceTree = "<group>"; };
		301F1FD81B450BE400611567 /* NKDevice.swift */ = {isa = PBXFileReference; fileEncoding = 4; lastKnownFileType = sourcecode.swift; path = NKDevice.swift; sourceTree = "<group>"; };
		301F1FD91B450BE400611567 /* ViewController.swift */ = {isa = PBXFileReference; fileEncoding = 4; lastKnownFileType = sourcecode.swift; path = ViewController.swift; sourceTree = "<group>"; };
		301F1FDD1B450E0500611567 /* LICENSE */ = {isa = PBXFileReference; fileEncoding = 4; lastKnownFileType = text; path = LICENSE; sourceTree = SOURCE_ROOT; };
		301F1FDE1B450E0500611567 /* README.md */ = {isa = PBXFileReference; fileEncoding = 4; lastKnownFileType = net.daringfireball.markdown; path = README.md; sourceTree = SOURCE_ROOT; };
		3060F33C1B69BF6D0004B499 /* AppDelegate.swift */ = {isa = PBXFileReference; fileEncoding = 4; lastKnownFileType = sourcecode.swift; path = AppDelegate.swift; sourceTree = "<group>"; };
/* End PBXFileReference section */

/* Begin PBXFrameworksBuildPhase section */
		301F1F9E1B450B4E00611567 /* Frameworks */ = {
			isa = PBXFrameworksBuildPhase;
			buildActionMask = 2147483647;
			files = (
			);
			runOnlyForDeploymentPostprocessing = 0;
		};
/* End PBXFrameworksBuildPhase section */

/* Begin PBXGroup section */
		301F1F981B450B4E00611567 = {
			isa = PBXGroup;
			children = (
				301F1FA31B450B4E00611567 /* NKDevice */,
				301F1FA21B450B4E00611567 /* Products */,
			);
			sourceTree = "<group>";
		};
		301F1FA21B450B4E00611567 /* Products */ = {
			isa = PBXGroup;
			children = (
				301F1FA11B450B4E00611567 /* NKDevice.app */,
			);
			name = Products;
			sourceTree = "<group>";
		};
		301F1FA31B450B4E00611567 /* NKDevice */ = {
			isa = PBXGroup;
			children = (
				301F1FD31B450BE400611567 /* Swift */,
				301F1FC61B450BD700611567 /* Image */,
				301F1FA41B450B4E00611567 /* Supporting Files */,
			);
			path = NKDevice;
			sourceTree = "<group>";
		};
		301F1FA41B450B4E00611567 /* Supporting Files */ = {
			isa = PBXGroup;
			children = (
				301F1FD11B450BDE00611567 /* Images.xcassets */,
				301F1FA51B450B4E00611567 /* Info.plist */,
			);
			name = "Supporting Files";
			sourceTree = "<group>";
		};
		301F1FC61B450BD700611567 /* Image */ = {
			isa = PBXGroup;
			children = (
				301F1FC71B450BD700611567 /* System */,
			);
			path = Image;
			sourceTree = "<group>";
		};
		301F1FC71B450BD700611567 /* System */ = {
			isa = PBXGroup;
			children = (
				301F1FC81B450BD700611567 /* LaunchScreen */,
			);
			path = System;
			sourceTree = "<group>";
		};
		301F1FC81B450BD700611567 /* LaunchScreen */ = {
			isa = PBXGroup;
			children = (
				301F1FC91B450BD700611567 /* Default-568h@2x.png */,
				301F1FCA1B450BD700611567 /* Default-667h@2x.png */,
				301F1FCB1B450BD700611567 /* Default-736h@3x.png */,
				301F1FCC1B450BD700611567 /* Default@2x.png */,
			);
			path = LaunchScreen;
			sourceTree = "<group>";
		};
		301F1FD31B450BE400611567 /* Swift */ = {
			isa = PBXGroup;
			children = (
				3060F33C1B69BF6D0004B499 /* AppDelegate.swift */,
				301F1FD91B450BE400611567 /* ViewController.swift */,
				301F1FD61B450BE400611567 /* Library */,
			);
			path = Swift;
			sourceTree = "<group>";
		};
		301F1FD61B450BE400611567 /* Library */ = {
			isa = PBXGroup;
			children = (
				301F1FD71B450BE400611567 /* UIDevice */,
			);
			path = Library;
			sourceTree = "<group>";
		};
		301F1FD71B450BE400611567 /* UIDevice */ = {
			isa = PBXGroup;
			children = (
				301F1FDD1B450E0500611567 /* LICENSE */,
				301F1FDE1B450E0500611567 /* README.md */,
				301F1FD81B450BE400611567 /* NKDevice.swift */,
			);
			path = UIDevice;
			sourceTree = "<group>";
		};
/* End PBXGroup section */

/* Begin PBXNativeTarget section */
		301F1FA01B450B4E00611567 /* NKDevice */ = {
			isa = PBXNativeTarget;
			buildConfigurationList = 301F1FC01B450B4F00611567 /* Build configuration list for PBXNativeTarget "NKDevice" */;
			buildPhases = (
				301F1F9D1B450B4E00611567 /* Sources */,
				301F1F9E1B450B4E00611567 /* Frameworks */,
				301F1F9F1B450B4E00611567 /* Resources */,
			);
			buildRules = (
			);
			dependencies = (
			);
			name = NKDevice;
			productName = NKDevice;
			productReference = 301F1FA11B450B4E00611567 /* NKDevice.app */;
			productType = "com.apple.product-type.application";
		};
/* End PBXNativeTarget section */

/* Begin PBXProject section */
		301F1F991B450B4E00611567 /* Project object */ = {
			isa = PBXProject;
			attributes = {
				LastUpgradeCheck = 0640;
				ORGANIZATIONNAME = "nanoka____";
				TargetAttributes = {
					301F1FA01B450B4E00611567 = {
						CreatedOnToolsVersion = 6.4;
					};
				};
			};
			buildConfigurationList = 301F1F9C1B450B4E00611567 /* Build configuration list for PBXProject "NKDevice" */;
			compatibilityVersion = "Xcode 3.2";
			developmentRegion = English;
			hasScannedForEncodings = 0;
			knownRegions = (
				en,
				Base,
			);
			mainGroup = 301F1F981B450B4E00611567;
			productRefGroup = 301F1FA21B450B4E00611567 /* Products */;
			projectDirPath = "";
			projectRoot = "";
			targets = (
				301F1FA01B450B4E00611567 /* NKDevice */,
			);
		};
/* End PBXProject section */

/* Begin PBXResourcesBuildPhase section */
		301F1F9F1B450B4E00611567 /* Resources */ = {
			isa = PBXResourcesBuildPhase;
			buildActionMask = 2147483647;
			files = (
				301F1FDF1B450E0500611567 /* LICENSE in Resources */,
				301F1FD01B450BD700611567 /* Default@2x.png in Resources */,
				301F1FD21B450BDE00611567 /* Images.xcassets in Resources */,
				301F1FCD1B450BD700611567 /* Default-568h@2x.png in Resources */,
				301F1FCE1B450BD700611567 /* Default-667h@2x.png in Resources */,
				301F1FCF1B450BD700611567 /* Default-736h@3x.png in Resources */,
			);
			runOnlyForDeploymentPostprocessing = 0;
		};
/* End PBXResourcesBuildPhase section */

/* Begin PBXSourcesBuildPhase section */
		301F1F9D1B450B4E00611567 /* Sources */ = {
			isa = PBXSourcesBuildPhase;
			buildActionMask = 2147483647;
			files = (
				301F1FDC1B450BE400611567 /* ViewController.swift in Sources */,
				301F1FDB1B450BE400611567 /* NKDevice.swift in Sources */,
				301F1FE01B450E0500611567 /* README.md in Sources */,
				3060F33D1B69BF6D0004B499 /* AppDelegate.swift in Sources */,
			);
			runOnlyForDeploymentPostprocessing = 0;
		};
/* End PBXSourcesBuildPhase section */

/* Begin XCBuildConfiguration section */
		301F1FBE1B450B4F00611567 /* Debug */ = {
			isa = XCBuildConfiguration;
			buildSettings = {
				ALWAYS_SEARCH_USER_PATHS = NO;
				CLANG_CXX_LANGUAGE_STANDARD = "gnu++0x";
				CLANG_CXX_LIBRARY = "libc++";
				CLANG_ENABLE_MODULES = YES;
				CLANG_ENABLE_OBJC_ARC = YES;
				CLANG_WARN_BOOL_CONVERSION = YES;
				CLANG_WARN_CONSTANT_CONVERSION = YES;
				CLANG_WARN_DIRECT_OBJC_ISA_USAGE = YES_ERROR;
				CLANG_WARN_EMPTY_BODY = YES;
				CLANG_WARN_ENUM_CONVERSION = YES;
				CLANG_WARN_INT_CONVERSION = YES;
				CLANG_WARN_OBJC_ROOT_CLASS = YES_ERROR;
				CLANG_WARN_UNREACHABLE_CODE = YES;
				CLANG_WARN__DUPLICATE_METHOD_MATCH = YES;
				"CODE_SIGN_IDENTITY[sdk=iphoneos*]" = "iPhone Developer";
				COPY_PHASE_STRIP = NO;
				DEBUG_INFORMATION_FORMAT = "dwarf-with-dsym";
				ENABLE_STRICT_OBJC_MSGSEND = YES;
				GCC_C_LANGUAGE_STANDARD = gnu99;
				GCC_DYNAMIC_NO_PIC = NO;
				GCC_NO_COMMON_BLOCKS = YES;
				GCC_OPTIMIZATION_LEVEL = 0;
				GCC_PREPROCESSOR_DEFINITIONS = (
					"DEBUG=1",
					"$(inherited)",
				);
				GCC_SYMBOLS_PRIVATE_EXTERN = NO;
				GCC_WARN_64_TO_32_BIT_CONVERSION = YES;
				GCC_WARN_ABOUT_RETURN_TYPE = YES_ERROR;
				GCC_WARN_UNDECLARED_SELECTOR = YES;
				GCC_WARN_UNINITIALIZED_AUTOS = YES_AGGRESSIVE;
				GCC_WARN_UNUSED_FUNCTION = YES;
				GCC_WARN_UNUSED_VARIABLE = YES;
				IPHONEOS_DEPLOYMENT_TARGET = 8.4;
				MTL_ENABLE_DEBUG_INFO = YES;
				ONLY_ACTIVE_ARCH = YES;
				SDKROOT = iphoneos;
				SWIFT_OPTIMIZATION_LEVEL = "-Onone";
			};
			name = Debug;
		};
		301F1FBF1B450B4F00611567 /* Release */ = {
			isa = XCBuildConfiguration;
			buildSettings = {
				ALWAYS_SEARCH_USER_PATHS = NO;
				CLANG_CXX_LANGUAGE_STANDARD = "gnu++0x";
				CLANG_CXX_LIBRARY = "libc++";
				CLANG_ENABLE_MODULES = YES;
				CLANG_ENABLE_OBJC_ARC = YES;
				CLANG_WARN_BOOL_CONVERSION = YES;
				CLANG_WARN_CONSTANT_CONVERSION = YES;
				CLANG_WARN_DIRECT_OBJC_ISA_USAGE = YES_ERROR;
				CLANG_WARN_EMPTY_BODY = YES;
				CLANG_WARN_ENUM_CONVERSION = YES;
				CLANG_WARN_INT_CONVERSION = YES;
				CLANG_WARN_OBJC_ROOT_CLASS = YES_ERROR;
				CLANG_WARN_UNREACHABLE_CODE = YES;
				CLANG_WARN__DUPLICATE_METHOD_MATCH = YES;
				"CODE_SIGN_IDENTITY[sdk=iphoneos*]" = "iPhone Developer";
				COPY_PHASE_STRIP = NO;
				DEBUG_INFORMATION_FORMAT = "dwarf-with-dsym";
				ENABLE_NS_ASSERTIONS = NO;
				ENABLE_STRICT_OBJC_MSGSEND = YES;
				GCC_C_LANGUAGE_STANDARD = gnu99;
				GCC_NO_COMMON_BLOCKS = YES;
				GCC_WARN_64_TO_32_BIT_CONVERSION = YES;
				GCC_WARN_ABOUT_RETURN_TYPE = YES_ERROR;
				GCC_WARN_UNDECLARED_SELECTOR = YES;
				GCC_WARN_UNINITIALIZED_AUTOS = YES_AGGRESSIVE;
				GCC_WARN_UNUSED_FUNCTION = YES;
				GCC_WARN_UNUSED_VARIABLE = YES;
				IPHONEOS_DEPLOYMENT_TARGET = 8.4;
				MTL_ENABLE_DEBUG_INFO = NO;
				SDKROOT = iphoneos;
				VALIDATE_PRODUCT = YES;
			};
			name = Release;
		};
		301F1FC11B450B4F00611567 /* Debug */ = {
			isa = XCBuildConfiguration;
			buildSettings = {
				ASSETCATALOG_COMPILER_APPICON_NAME = AppIcon;
				ASSETCATALOG_COMPILER_LAUNCHIMAGE_NAME = LaunchImage;
				INFOPLIST_FILE = NKDevice/Info.plist;
				IPHONEOS_DEPLOYMENT_TARGET = 7.0;
				LD_RUNPATH_SEARCH_PATHS = "$(inherited) @executable_path/Frameworks";
				PRODUCT_NAME = "$(TARGET_NAME)";
			};
			name = Debug;
		};
		301F1FC21B450B4F00611567 /* Release */ = {
			isa = XCBuildConfiguration;
			buildSettings = {
				ASSETCATALOG_COMPILER_APPICON_NAME = AppIcon;
				ASSETCATALOG_COMPILER_LAUNCHIMAGE_NAME = LaunchImage;
				INFOPLIST_FILE = NKDevice/Info.plist;
				IPHONEOS_DEPLOYMENT_TARGET = 7.0;
				LD_RUNPATH_SEARCH_PATHS = "$(inherited) @executable_path/Frameworks";
				PRODUCT_NAME = "$(TARGET_NAME)";
			};
			name = Release;
		};
/* End XCBuildConfiguration section */

/* Begin XCConfigurationList section */
		301F1F9C1B450B4E00611567 /* Build configuration list for PBXProject "NKDevice" */ = {
			isa = XCConfigurationList;
			buildConfigurations = (
				301F1FBE1B450B4F00611567 /* Debug */,
				301F1FBF1B450B4F00611567 /* Release */,
			);
			defaultConfigurationIsVisible = 0;
			defaultConfigurationName = Release;
		};
		301F1FC01B450B4F00611567 /* Build configuration list for PBXNativeTarget "NKDevice" */ = {
			isa = XCConfigurationList;
			buildConfigurations = (
				301F1FC11B450B4F00611567 /* Debug */,
				301F1FC21B450B4F00611567 /* Release */,
			);
			defaultConfigurationIsVisible = 0;
			defaultConfigurationName = Release;
		};
/* End XCConfigurationList section */
	};
	rootObject = 301F1F991B450B4E00611567 /* Project object */;
}
